// !$*UTF8*$!
{
	archiveVersion = 1;
	classes = {
	};
	objectVersion = 48;
	objects = {

/* Begin PBXBuildFile section */
		45B32E861FF37592007BA7F4 /* surface.hpp in CopyFiles */ = {isa = PBXBuildFile; fileRef = 45B32E761FF357EA007BA7F4 /* surface.hpp */; };
		45B32E871FF37592007BA7F4 /* load.hpp in CopyFiles */ = {isa = PBXBuildFile; fileRef = 45B32E801FF36C50007BA7F4 /* load.hpp */; };
		45B32E881FF37592007BA7F4 /* write.hpp in CopyFiles */ = {isa = PBXBuildFile; fileRef = 45B32E831FF37197007BA7F4 /* write.hpp */; };
		45B32E8D1FF37D0D007BA7F4 /* blit.hpp in CopyFiles */ = {isa = PBXBuildFile; fileRef = 45B32E8A1FF376AE007BA7F4 /* blit.hpp */; };
		45C918F2202E93FC00AC4608 /* realloc.hpp in CopyFiles */ = {isa = PBXBuildFile; fileRef = 45B32E7E1FF362F2007BA7F4 /* realloc.hpp */; };
		45C918F3202E93FD00AC4608 /* stb_image_write.h in CopyFiles */ = {isa = PBXBuildFile; fileRef = 45B32E781FF35E57007BA7F4 /* stb_image_write.h */; };
		45C918F4202E93FD00AC4608 /* stb_image.h in CopyFiles */ = {isa = PBXBuildFile; fileRef = 45B32E7B1FF35E58007BA7F4 /* stb_image.h */; };
		45C918F5202E93FD00AC4608 /* surface.inl in CopyFiles */ = {isa = PBXBuildFile; fileRef = 45B32E751FF357EA007BA7F4 /* surface.inl */; };
		45C918F6202E93FD00AC4608 /* load.inl in CopyFiles */ = {isa = PBXBuildFile; fileRef = 45B32E7F1FF36C50007BA7F4 /* load.inl */; };
		45C918F7202E93FD00AC4608 /* write.inl in CopyFiles */ = {isa = PBXBuildFile; fileRef = 45B32E821FF37197007BA7F4 /* write.inl */; };
		45C918F8202E93FD00AC4608 /* blit.inl in CopyFiles */ = {isa = PBXBuildFile; fileRef = 45B32E891FF376AE007BA7F4 /* blit.inl */; };
		45C91903202E945400AC4608 /* impl0.cpp in Sources */ = {isa = PBXBuildFile; fileRef = 45C91902202E945400AC4608 /* impl0.cpp */; };
		45C91906202E946000AC4608 /* impl1.cpp in Sources */ = {isa = PBXBuildFile; fileRef = 45C91904202E946000AC4608 /* impl1.cpp */; };
/* End PBXBuildFile section */

/* Begin PBXContainerItemProxy section */
		45C91908202E949C00AC4608 /* PBXContainerItemProxy */ = {
			isa = PBXContainerItemProxy;
			containerPortal = 45B32E511FF3554E007BA7F4 /* Project object */;
			proxyType = 1;
			remoteGlobalIDString = 45C918FC202E943600AC4608;
			remoteInfo = Test;
		};
/* End PBXContainerItemProxy section */

/* Begin PBXCopyFilesBuildPhase section */
		45B32E851FF37579007BA7F4 /* CopyFiles */ = {
			isa = PBXCopyFilesBuildPhase;
			buildActionMask = 2147483647;
			dstPath = /usr/local/include/Surface;
			dstSubfolderSpec = 0;
			files = (
				45C918F2202E93FC00AC4608 /* realloc.hpp in CopyFiles */,
				45C918F3202E93FD00AC4608 /* stb_image_write.h in CopyFiles */,
				45C918F4202E93FD00AC4608 /* stb_image.h in CopyFiles */,
				45C918F5202E93FD00AC4608 /* surface.inl in CopyFiles */,
				45C918F6202E93FD00AC4608 /* load.inl in CopyFiles */,
				45C918F7202E93FD00AC4608 /* write.inl in CopyFiles */,
				45C918F8202E93FD00AC4608 /* blit.inl in CopyFiles */,
				45B32E8D1FF37D0D007BA7F4 /* blit.hpp in CopyFiles */,
				45B32E861FF37592007BA7F4 /* surface.hpp in CopyFiles */,
				45B32E871FF37592007BA7F4 /* load.hpp in CopyFiles */,
				45B32E881FF37592007BA7F4 /* write.hpp in CopyFiles */,
			);
			runOnlyForDeploymentPostprocessing = 0;
		};
/* End PBXCopyFilesBuildPhase section */

/* Begin PBXFileReference section */
		45B32E591FF3554E007BA7F4 /* libSurface.a */ = {isa = PBXFileReference; explicitFileType = archive.ar; includeInIndex = 0; path = libSurface.a; sourceTree = BUILT_PRODUCTS_DIR; };
		45B32E751FF357EA007BA7F4 /* surface.inl */ = {isa = PBXFileReference; lastKnownFileType = text; path = surface.inl; sourceTree = "<group>"; };
		45B32E761FF357EA007BA7F4 /* surface.hpp */ = {isa = PBXFileReference; lastKnownFileType = sourcecode.cpp.h; path = surface.hpp; sourceTree = "<group>"; };
		45B32E781FF35E57007BA7F4 /* stb_image_write.h */ = {isa = PBXFileReference; lastKnownFileType = sourcecode.c.h; path = stb_image_write.h; sourceTree = "<group>"; };
		45B32E7B1FF35E58007BA7F4 /* stb_image.h */ = {isa = PBXFileReference; lastKnownFileType = sourcecode.c.h; path = stb_image.h; sourceTree = "<group>"; };
		45B32E7E1FF362F2007BA7F4 /* realloc.hpp */ = {isa = PBXFileReference; lastKnownFileType = sourcecode.cpp.h; path = realloc.hpp; sourceTree = "<group>"; };
		45B32E7F1FF36C50007BA7F4 /* load.inl */ = {isa = PBXFileReference; lastKnownFileType = text; path = load.inl; sourceTree = "<group>"; };
		45B32E801FF36C50007BA7F4 /* load.hpp */ = {isa = PBXFileReference; lastKnownFileType = sourcecode.cpp.h; path = load.hpp; sourceTree = "<group>"; };
		45B32E821FF37197007BA7F4 /* write.inl */ = {isa = PBXFileReference; lastKnownFileType = text; path = write.inl; sourceTree = "<group>"; };
		45B32E831FF37197007BA7F4 /* write.hpp */ = {isa = PBXFileReference; lastKnownFileType = sourcecode.cpp.h; path = write.hpp; sourceTree = "<group>"; };
		45B32E891FF376AE007BA7F4 /* blit.inl */ = {isa = PBXFileReference; lastKnownFileType = text; path = blit.inl; sourceTree = "<group>"; };
		45B32E8A1FF376AE007BA7F4 /* blit.hpp */ = {isa = PBXFileReference; lastKnownFileType = sourcecode.cpp.h; path = blit.hpp; sourceTree = "<group>"; };
		45C918FD202E943600AC4608 /* libTest.dylib */ = {isa = PBXFileReference; explicitFileType = "compiled.mach-o.dylib"; includeInIndex = 0; path = libTest.dylib; sourceTree = BUILT_PRODUCTS_DIR; };
		45C91902202E945400AC4608 /* impl0.cpp */ = {isa = PBXFileReference; lastKnownFileType = sourcecode.cpp.cpp; path = impl0.cpp; sourceTree = "<group>"; };
		45C91904202E946000AC4608 /* impl1.cpp */ = {isa = PBXFileReference; lastKnownFileType = sourcecode.cpp.cpp; path = impl1.cpp; sourceTree = "<group>"; };
/* End PBXFileReference section */

/* Begin PBXGroup section */
		45B32E501FF3554E007BA7F4 = {
			isa = PBXGroup;
			children = (
				45C91901202E944300AC4608 /* Test */,
				45B32E741FF357DD007BA7F4 /* Surface */,
				45B32E5A1FF3554E007BA7F4 /* Products */,
			);
			sourceTree = "<group>";
		};
		45B32E5A1FF3554E007BA7F4 /* Products */ = {
			isa = PBXGroup;
			children = (
				45B32E591FF3554E007BA7F4 /* libSurface.a */,
				45C918FD202E943600AC4608 /* libTest.dylib */,
			);
			name = Products;
			sourceTree = "<group>";
		};
		45B32E741FF357DD007BA7F4 /* Surface */ = {
			isa = PBXGroup;
			children = (
				45B32E7E1FF362F2007BA7F4 /* realloc.hpp */,
				45B32E781FF35E57007BA7F4 /* stb_image_write.h */,
				45B32E7B1FF35E58007BA7F4 /* stb_image.h */,
				45B32E751FF357EA007BA7F4 /* surface.inl */,
				45B32E761FF357EA007BA7F4 /* surface.hpp */,
				45B32E7F1FF36C50007BA7F4 /* load.inl */,
				45B32E801FF36C50007BA7F4 /* load.hpp */,
				45B32E821FF37197007BA7F4 /* write.inl */,
				45B32E831FF37197007BA7F4 /* write.hpp */,
				45B32E891FF376AE007BA7F4 /* blit.inl */,
				45B32E8A1FF376AE007BA7F4 /* blit.hpp */,
			);
			path = Surface;
			sourceTree = "<group>";
		};
		45C91901202E944300AC4608 /* Test */ = {
			isa = PBXGroup;
			children = (
				45C91902202E945400AC4608 /* impl0.cpp */,
				45C91904202E946000AC4608 /* impl1.cpp */,
			);
			path = Test;
			sourceTree = "<group>";
		};
/* End PBXGroup section */

/* Begin PBXNativeTarget section */
		45B32E581FF3554E007BA7F4 /* Surface */ = {
			isa = PBXNativeTarget;
			buildConfigurationList = 45B32E5D1FF3554E007BA7F4 /* Build configuration list for PBXNativeTarget "Surface" */;
			buildPhases = (
				45B32E8C1FF37CBC007BA7F4 /* ShellScript */,
				45B32E851FF37579007BA7F4 /* CopyFiles */,
			);
			buildRules = (
			);
			dependencies = (
				45C91909202E949C00AC4608 /* PBXTargetDependency */,
			);
			name = Surface;
			productName = Surface;
			productReference = 45B32E591FF3554E007BA7F4 /* libSurface.a */;
			productType = "com.apple.product-type.library.static";
		};
		45C918FC202E943600AC4608 /* Test */ = {
			isa = PBXNativeTarget;
			buildConfigurationList = 45C918FE202E943600AC4608 /* Build configuration list for PBXNativeTarget "Test" */;
			buildPhases = (
				45C91907202E948200AC4608 /* ShellScript */,
				45C918F9202E943600AC4608 /* Sources */,
			);
			buildRules = (
			);
			dependencies = (
			);
			name = Test;
			productName = Test;
			productReference = 45C918FD202E943600AC4608 /* libTest.dylib */;
			productType = "com.apple.product-type.library.dynamic";
		};
/* End PBXNativeTarget section */

/* Begin PBXProject section */
		45B32E511FF3554E007BA7F4 /* Project object */ = {
			isa = PBXProject;
			attributes = {
				LastUpgradeCheck = 0900;
				ORGANIZATIONNAME = "Indi Kernick";
				TargetAttributes = {
					45B32E581FF3554E007BA7F4 = {
						CreatedOnToolsVersion = 9.0;
						ProvisioningStyle = Automatic;
					};
					45C918FC202E943600AC4608 = {
						CreatedOnToolsVersion = 9.2;
						ProvisioningStyle = Automatic;
					};
				};
			};
			buildConfigurationList = 45B32E541FF3554E007BA7F4 /* Build configuration list for PBXProject "Surface" */;
			compatibilityVersion = "Xcode 8.0";
			developmentRegion = en;
			hasScannedForEncodings = 0;
			knownRegions = (
				en,
			);
			mainGroup = 45B32E501FF3554E007BA7F4;
			productRefGroup = 45B32E5A1FF3554E007BA7F4 /* Products */;
			projectDirPath = "";
			projectRoot = "";
			targets = (
				45B32E581FF3554E007BA7F4 /* Surface */,
				45C918FC202E943600AC4608 /* Test */,
			);
		};
/* End PBXProject section */

/* Begin PBXShellScriptBuildPhase section */
		45B32E8C1FF37CBC007BA7F4 /* ShellScript */ = {
			isa = PBXShellScriptBuildPhase;
			buildActionMask = 2147483647;
			files = (
			);
			inputPaths = (
			);
			outputPaths = (
			);
			runOnlyForDeploymentPostprocessing = 0;
			shellPath = /bin/bash;
			shellScript = "rm -dfR /usr/local/include/Surface";
		};
		45C91907202E948200AC4608 /* ShellScript */ = {
			isa = PBXShellScriptBuildPhase;
			buildActionMask = 2147483647;
			files = (
			);
			inputPaths = (
				"$(PROJECT_DIR)/$(PROJECT)/",
			);
			outputPaths = (
				"$(PROJECT_DIR)/Test/impl0.cpp",
				"$(PROJECT_DIR)/Test/impl1.cpp",
			);
			runOnlyForDeploymentPostprocessing = 0;
			shellPath = /bin/bash;
			shellScript = "find \"$PROJECT\" -name \"*.hpp\" -not -path \"*stb*\" |\nxargs -I {} echo '#include \"../{}\"' |\ntee Test/impl0.cpp Test/impl1.cpp > /dev/null";
		};
/* End PBXShellScriptBuildPhase section */

/* Begin PBXSourcesBuildPhase section */
		45C918F9202E943600AC4608 /* Sources */ = {
			isa = PBXSourcesBuildPhase;
			buildActionMask = 2147483647;
			files = (
				45C91903202E945400AC4608 /* impl0.cpp in Sources */,
				45C91906202E946000AC4608 /* impl1.cpp in Sources */,
			);
			runOnlyForDeploymentPostprocessing = 0;
		};
/* End PBXSourcesBuildPhase section */

/* Begin PBXTargetDependency section */
		45C91909202E949C00AC4608 /* PBXTargetDependency */ = {
			isa = PBXTargetDependency;
			target = 45C918FC202E943600AC4608 /* Test */;
			targetProxy = 45C91908202E949C00AC4608 /* PBXContainerItemProxy */;
		};
/* End PBXTargetDependency section */

/* Begin XCBuildConfiguration section */
		45B32E5B1FF3554E007BA7F4 /* Debug */ = {
			isa = XCBuildConfiguration;
			buildSettings = {
				ALWAYS_SEARCH_USER_PATHS = NO;
				CLANG_ANALYZER_NONNULL = YES;
				CLANG_ANALYZER_NUMBER_OBJECT_CONVERSION = YES_AGGRESSIVE;
				CLANG_CXX_LANGUAGE_STANDARD = "gnu++14";
				CLANG_CXX_LIBRARY = "libc++";
				CLANG_ENABLE_MODULES = YES;
				CLANG_ENABLE_OBJC_ARC = YES;
				CLANG_WARN_BLOCK_CAPTURE_AUTORELEASING = YES;
				CLANG_WARN_BOOL_CONVERSION = YES;
				CLANG_WARN_COMMA = YES;
				CLANG_WARN_CONSTANT_CONVERSION = YES;
				CLANG_WARN_DIRECT_OBJC_ISA_USAGE = YES_ERROR;
				CLANG_WARN_DOCUMENTATION_COMMENTS = YES;
				CLANG_WARN_EMPTY_BODY = YES;
				CLANG_WARN_ENUM_CONVERSION = YES;
				CLANG_WARN_INFINITE_RECURSION = YES;
				CLANG_WARN_INT_CONVERSION = YES;
				CLANG_WARN_NON_LITERAL_NULL_CONVERSION = YES;
				CLANG_WARN_OBJC_LITERAL_CONVERSION = YES;
				CLANG_WARN_OBJC_ROOT_CLASS = YES_ERROR;
				CLANG_WARN_RANGE_LOOP_ANALYSIS = YES;
				CLANG_WARN_STRICT_PROTOTYPES = YES;
				CLANG_WARN_SUSPICIOUS_MOVE = YES;
				CLANG_WARN_UNGUARDED_AVAILABILITY = YES_AGGRESSIVE;
				CLANG_WARN_UNREACHABLE_CODE = YES;
				CLANG_WARN__DUPLICATE_METHOD_MATCH = YES;
				CODE_SIGN_IDENTITY = "Mac Developer";
				COPY_PHASE_STRIP = NO;
				DEBUG_INFORMATION_FORMAT = dwarf;
				ENABLE_STRICT_OBJC_MSGSEND = YES;
				ENABLE_TESTABILITY = YES;
				GCC_C_LANGUAGE_STANDARD = gnu11;
				GCC_DYNAMIC_NO_PIC = NO;
				GCC_NO_COMMON_BLOCKS = YES;
				GCC_OPTIMIZATION_LEVEL = 0;
				GCC_PREPROCESSOR_DEFINITIONS = (
					"DEBUG=1",
					"$(inherited)",
				);
				GCC_WARN_64_TO_32_BIT_CONVERSION = YES;
				GCC_WARN_ABOUT_RETURN_TYPE = YES_ERROR;
				GCC_WARN_UNDECLARED_SELECTOR = YES;
				GCC_WARN_UNINITIALIZED_AUTOS = YES_AGGRESSIVE;
				GCC_WARN_UNUSED_FUNCTION = YES;
				GCC_WARN_UNUSED_VARIABLE = YES;
				MACOSX_DEPLOYMENT_TARGET = 10.13;
				MTL_ENABLE_DEBUG_INFO = YES;
				ONLY_ACTIVE_ARCH = YES;
				SDKROOT = macosx;
			};
			name = Debug;
		};
		45B32E5C1FF3554E007BA7F4 /* Release */ = {
			isa = XCBuildConfiguration;
			buildSettings = {
				ALWAYS_SEARCH_USER_PATHS = NO;
				CLANG_ANALYZER_NONNULL = YES;
				CLANG_ANALYZER_NUMBER_OBJECT_CONVERSION = YES_AGGRESSIVE;
				CLANG_CXX_LANGUAGE_STANDARD = "gnu++14";
				CLANG_CXX_LIBRARY = "libc++";
				CLANG_ENABLE_MODULES = YES;
				CLANG_ENABLE_OBJC_ARC = YES;
				CLANG_WARN_BLOCK_CAPTURE_AUTORELEASING = YES;
				CLANG_WARN_BOOL_CONVERSION = YES;
				CLANG_WARN_COMMA = YES;
				CLANG_WARN_CONSTANT_CONVERSION = YES;
				CLANG_WARN_DIRECT_OBJC_ISA_USAGE = YES_ERROR;
				CLANG_WARN_DOCUMENTATION_COMMENTS = YES;
				CLANG_WARN_EMPTY_BODY = YES;
				CLANG_WARN_ENUM_CONVERSION = YES;
				CLANG_WARN_INFINITE_RECURSION = YES;
				CLANG_WARN_INT_CONVERSION = YES;
				CLANG_WARN_NON_LITERAL_NULL_CONVERSION = YES;
				CLANG_WARN_OBJC_LITERAL_CONVERSION = YES;
				CLANG_WARN_OBJC_ROOT_CLASS = YES_ERROR;
				CLANG_WARN_RANGE_LOOP_ANALYSIS = YES;
				CLANG_WARN_STRICT_PROTOTYPES = YES;
				CLANG_WARN_SUSPICIOUS_MOVE = YES;
				CLANG_WARN_UNGUARDED_AVAILABILITY = YES_AGGRESSIVE;
				CLANG_WARN_UNREACHABLE_CODE = YES;
				CLANG_WARN__DUPLICATE_METHOD_MATCH = YES;
				CODE_SIGN_IDENTITY = "Mac Developer";
				COPY_PHASE_STRIP = NO;
				DEBUG_INFORMATION_FORMAT = "dwarf-with-dsym";
				ENABLE_NS_ASSERTIONS = NO;
				ENABLE_STRICT_OBJC_MSGSEND = YES;
				GCC_C_LANGUAGE_STANDARD = gnu11;
				GCC_NO_COMMON_BLOCKS = YES;
				GCC_WARN_64_TO_32_BIT_CONVERSION = YES;
				GCC_WARN_ABOUT_RETURN_TYPE = YES_ERROR;
				GCC_WARN_UNDECLARED_SELECTOR = YES;
				GCC_WARN_UNINITIALIZED_AUTOS = YES_AGGRESSIVE;
				GCC_WARN_UNUSED_FUNCTION = YES;
				GCC_WARN_UNUSED_VARIABLE = YES;
				MACOSX_DEPLOYMENT_TARGET = 10.13;
				MTL_ENABLE_DEBUG_INFO = NO;
				SDKROOT = macosx;
			};
			name = Release;
		};
		45B32E5E1FF3554E007BA7F4 /* Debug */ = {
			isa = XCBuildConfiguration;
			buildSettings = {
				CODE_SIGN_STYLE = Automatic;
				DEVELOPMENT_TEAM = QY44MADGVC;
				EXECUTABLE_PREFIX = lib;
				OTHER_CPLUSPLUSFLAGS = (
					"$(OTHER_CFLAGS)",
					"-Wall",
					"-Wextra",
					"-Weffc++",
					"-Wpedantic",
					"-Wno-documentation",
					"-std=c++1z",
				);
				PRODUCT_NAME = "$(TARGET_NAME)";
			};
			name = Debug;
		};
		45B32E5F1FF3554E007BA7F4 /* Release */ = {
			isa = XCBuildConfiguration;
			buildSettings = {
				CODE_SIGN_STYLE = Automatic;
				DEVELOPMENT_TEAM = QY44MADGVC;
				EXECUTABLE_PREFIX = lib;
				GCC_OPTIMIZATION_LEVEL = 3;
				OTHER_CPLUSPLUSFLAGS = (
					"$(OTHER_CFLAGS)",
					"-Wall",
					"-Wextra",
					"-Weffc++",
					"-Wpedantic",
					"-Wno-documentation",
					"-std=c++1z",
				);
				PRODUCT_NAME = "$(TARGET_NAME)";
			};
			name = Release;
		};
		45C918FF202E943600AC4608 /* Debug */ = {
			isa = XCBuildConfiguration;
			buildSettings = {
				CLANG_CXX_LANGUAGE_STANDARD = "c++17";
				CODE_SIGN_STYLE = Automatic;
				DEVELOPMENT_TEAM = QY44MADGVC;
				DYLIB_COMPATIBILITY_VERSION = 1;
				DYLIB_CURRENT_VERSION = 1;
				EXECUTABLE_PREFIX = lib;
				OTHER_CPLUSPLUSFLAGS = (
					"$(OTHER_CFLAGS)",
					"-Wall",
					"-Wextra",
					"-Weffc++",
					"-Wpedantic",
					"-Wno-documentation",
				);
				PRODUCT_NAME = "$(TARGET_NAME)";
			};
			name = Debug;
		};
		45C91900202E943600AC4608 /* Release */ = {
			isa = XCBuildConfiguration;
			buildSettings = {
				CLANG_CXX_LANGUAGE_STANDARD = "c++17";
				CODE_SIGN_STYLE = Automatic;
				DEVELOPMENT_TEAM = QY44MADGVC;
				DYLIB_COMPATIBILITY_VERSION = 1;
				DYLIB_CURRENT_VERSION = 1;
				EXECUTABLE_PREFIX = lib;
				OTHER_CPLUSPLUSFLAGS = (
					"$(OTHER_CFLAGS)",
					"-Wall",
					"-Wextra",
					"-Weffc++",
					"-Wpedantic",
					"-Wno-documentation",
				);
				PRODUCT_NAME = "$(TARGET_NAME)";
			};
			name = Release;
		};
/* End XCBuildConfiguration section */

/* Begin XCConfigurationList section */
		45B32E541FF3554E007BA7F4 /* Build configuration list for PBXProject "Surface" */ = {
			isa = XCConfigurationList;
			buildConfigurations = (
				45B32E5B1FF3554E007BA7F4 /* Debug */,
				45B32E5C1FF3554E007BA7F4 /* Release */,
			);
			defaultConfigurationIsVisible = 0;
			defaultConfigurationName = Release;
		};
		45B32E5D1FF3554E007BA7F4 /* Build configuration list for PBXNativeTarget "Surface" */ = {
			isa = XCConfigurationList;
			buildConfigurations = (
				45B32E5E1FF3554E007BA7F4 /* Debug */,
				45B32E5F1FF3554E007BA7F4 /* Release */,
			);
			defaultConfigurationIsVisible = 0;
			defaultConfigurationName = Release;
		};
		45C918FE202E943600AC4608 /* Build configuration list for PBXNativeTarget "Test" */ = {
			isa = XCConfigurationList;
			buildConfigurations = (
				45C918FF202E943600AC4608 /* Debug */,
				45C91900202E943600AC4608 /* Release */,
			);
			defaultConfigurationIsVisible = 0;
			defaultConfigurationName = Release;
		};
/* End XCConfigurationList section */
	};
	rootObject = 45B32E511FF3554E007BA7F4 /* Project object */;
}
